
Microsoft Visual Studio Solution File, Format Version 12.00
# Visual Studio 15
VisualStudioVersion = 15.0.26730.10
MinimumVisualStudioVersion = 10.0.40219.1
Project("{8BC9CEB8-8B4A-11D0-8D11-00A0C91BC942}") = "p01RectangleOf10x10Stars", "p01RectangleOf10x10Stars\p01RectangleOf10x10Stars.vcxproj", "{19768F98-142D-402C-B095-ACA1F218AFE5}"
EndProject
Project("{8BC9CEB8-8B4A-11D0-8D11-00A0C91BC942}") = "p02RectangleOfNxNStars", "p02RectangleOfNxNStars\p02RectangleOfNxNStars.vcxproj", "{1B693EF4-C770-4DC5-921D-0CF68932F409}"
EndProject
Project("{8BC9CEB8-8B4A-11D0-8D11-00A0C91BC942}") = "p03SquareOfStars", "p03SquareOfStars\p03SquareOfStars.vcxproj", "{E54FCA1A-5B3D-4752-9CB8-86135B0C1FCD}"
EndProject
Project("{8BC9CEB8-8B4A-11D0-8D11-00A0C91BC942}") = "p04TriangleOfDolars", "p04TriangleOfDolars\p04TriangleOfDolars.vcxproj", "{FF4E4D4B-137E-48D7-BA84-2098C5856D69}"
EndProject
Project("{8BC9CEB8-8B4A-11D0-8D11-00A0C91BC942}") = "p05SquareFrame", "p05SquareFrame\p05SquareFrame.vcxproj", "{CCAF4962-FFFB-40BF-9AA6-FF2BD9821158}"
EndProject
Project("{8BC9CEB8-8B4A-11D0-8D11-00A0C91BC942}") = "p06RhombusOfStars", "p06RhombusOfStars\p06RhombusOfStars.vcxproj", "{A6E6E18F-5A86-40D7-B628-A9824816CE7A}"
EndProject
Project("{8BC9CEB8-8B4A-11D0-8D11-00A0C91BC942}") = "p07ChristmasTree", "p07ChristmasTree\p07ChristmasTree.vcxproj", "{01766661-54BF-4BCB-93C5-DB0C16F1EA02}"
EndProject
Global
	GlobalSection(SolutionConfigurationPlatforms) = preSolution
		Debug|x64 = Debug|x64
		Debug|x86 = Debug|x86
		Release|x64 = Release|x64
		Release|x86 = Release|x86
	EndGlobalSection
	GlobalSection(ProjectConfigurationPlatforms) = postSolution
		{19768F98-142D-402C-B095-ACA1F218AFE5}.Debug|x64.ActiveCfg = Debug|x64
		{19768F98-142D-402C-B095-ACA1F218AFE5}.Debug|x64.Build.0 = Debug|x64
		{19768F98-142D-402C-B095-ACA1F218AFE5}.Debug|x86.ActiveCfg = Debug|Win32
		{19768F98-142D-402C-B095-ACA1F218AFE5}.Debug|x86.Build.0 = Debug|Win32
		{19768F98-142D-402C-B095-ACA1F218AFE5}.Release|x64.ActiveCfg = Release|x64
		{19768F98-142D-402C-B095-ACA1F218AFE5}.Release|x64.Build.0 = Release|x64
		{19768F98-142D-402C-B095-ACA1F218AFE5}.Release|x86.ActiveCfg = Release|Win32
		{19768F98-142D-402C-B095-ACA1F218AFE5}.Release|x86.Build.0 = Release|Win32
		{1B693EF4-C770-4DC5-921D-0CF68932F409}.Debug|x64.ActiveCfg = Debug|x64
		{1B693EF4-C770-4DC5-921D-0CF68932F409}.Debug|x64.Build.0 = Debug|x64
		{1B693EF4-C770-4DC5-921D-0CF68932F409}.Debug|x86.ActiveCfg = Debug|Win32
		{1B693EF4-C770-4DC5-921D-0CF68932F409}.Debug|x86.Build.0 = Debug|Win32
		{1B693EF4-C770-4DC5-921D-0CF68932F409}.Release|x64.ActiveCfg = Release|x64
		{1B693EF4-C770-4DC5-921D-0CF68932F409}.Release|x64.Build.0 = Release|x64
		{1B693EF4-C770-4DC5-921D-0CF68932F409}.Release|x86.ActiveCfg = Release|Win32
		{1B693EF4-C770-4DC5-921D-0CF68932F409}.Release|x86.Build.0 = Release|Win32
		{E54FCA1A-5B3D-4752-9CB8-86135B0C1FCD}.Debug|x64.ActiveCfg = Debug|x64
		{E54FCA1A-5B3D-4752-9CB8-86135B0C1FCD}.Debug|x64.Build.0 = Debug|x64
		{E54FCA1A-5B3D-4752-9CB8-86135B0C1FCD}.Debug|x86.ActiveCfg = Debug|Win32
		{E54FCA1A-5B3D-4752-9CB8-86135B0C1FCD}.Debug|x86.Build.0 = Debug|Win32
		{E54FCA1A-5B3D-4752-9CB8-86135B0C1FCD}.Release|x64.ActiveCfg = Release|x64
		{E54FCA1A-5B3D-4752-9CB8-86135B0C1FCD}.Release|x64.Build.0 = Release|x64
		{E54FCA1A-5B3D-4752-9CB8-86135B0C1FCD}.Release|x86.ActiveCfg = Release|Win32
		{E54FCA1A-5B3D-4752-9CB8-86135B0C1FCD}.Release|x86.Build.0 = Release|Win32
		{FF4E4D4B-137E-48D7-BA84-2098C5856D69}.Debug|x64.ActiveCfg = Debug|x64
		{FF4E4D4B-137E-48D7-BA84-2098C5856D69}.Debug|x64.Build.0 = Debug|x64
		{FF4E4D4B-137E-48D7-BA84-2098C5856D69}.Debug|x86.ActiveCfg = Debug|Win32
		{FF4E4D4B-137E-48D7-BA84-2098C5856D69}.Debug|x86.Build.0 = Debug|Win32
		{FF4E4D4B-137E-48D7-BA84-2098C5856D69}.Release|x64.ActiveCfg = Release|x64
		{FF4E4D4B-137E-48D7-BA84-2098C5856D69}.Release|x64.Build.0 = Release|x64
		{FF4E4D4B-137E-48D7-BA84-2098C5856D69}.Release|x86.ActiveCfg = Release|Win32
		{FF4E4D4B-137E-48D7-BA84-2098C5856D69}.Release|x86.Build.0 = Release|Win32
		{CCAF4962-FFFB-40BF-9AA6-FF2BD9821158}.Debug|x64.ActiveCfg = Debug|x64
		{CCAF4962-FFFB-40BF-9AA6-FF2BD9821158}.Debug|x64.Build.0 = Debug|x64
		{CCAF4962-FFFB-40BF-9AA6-FF2BD9821158}.Debug|x86.ActiveCfg = Debug|Win32
		{CCAF4962-FFFB-40BF-9AA6-FF2BD9821158}.Debug|x86.Build.0 = Debug|Win32
		{CCAF4962-FFFB-40BF-9AA6-FF2BD9821158}.Release|x64.ActiveCfg = Release|x64
		{CCAF4962-FFFB-40BF-9AA6-FF2BD9821158}.Release|x64.Build.0 = Release|x64
		{CCAF4962-FFFB-40BF-9AA6-FF2BD9821158}.Release|x86.ActiveCfg = Release|Win32
		{CCAF4962-FFFB-40BF-9AA6-FF2BD9821158}.Release|x86.Build.0 = Release|Win32
		{A6E6E18F-5A86-40D7-B628-A9824816CE7A}.Debug|x64.ActiveCfg = Debug|x64
		{A6E6E18F-5A86-40D7-B628-A9824816CE7A}.Debug|x64.Build.0 = Debug|x64
		{A6E6E18F-5A86-40D7-B628-A9824816CE7A}.Debug|x86.ActiveCfg = Debug|Win32
		{A6E6E18F-5A86-40D7-B628-A9824816CE7A}.Debug|x86.Build.0 = Debug|Win32
		{A6E6E18F-5A86-40D7-B628-A9824816CE7A}.Release|x64.ActiveCfg = Release|x64
		{A6E6E18F-5A86-40D7-B628-A9824816CE7A}.Release|x64.Build.0 = Release|x64
		{A6E6E18F-5A86-40D7-B628-A9824816CE7A}.Release|x86.ActiveCfg = Release|Win32
		{A6E6E18F-5A86-40D7-B628-A9824816CE7A}.Release|x86.Build.0 = Release|Win32
		{01766661-54BF-4BCB-93C5-DB0C16F1EA02}.Debug|x64.ActiveCfg = Debug|x64
		{01766661-54BF-4BCB-93C5-DB0C16F1EA02}.Debug|x64.Build.0 = Debug|x64
		{01766661-54BF-4BCB-93C5-DB0C16F1EA02}.Debug|x86.ActiveCfg = Debug|Win32
		{01766661-54BF-4BCB-93C5-DB0C16F1EA02}.Debug|x86.Build.0 = Debug|Win32
		{01766661-54BF-4BCB-93C5-DB0C16F1EA02}.Release|x64.ActiveCfg = Release|x64
		{01766661-54BF-4BCB-93C5-DB0C16F1EA02}.Release|x64.Build.0 = Release|x64
		{01766661-54BF-4BCB-93C5-DB0C16F1EA02}.Release|x86.ActiveCfg = Release|Win32
		{01766661-54BF-4BCB-93C5-DB0C16F1EA02}.Release|x86.Build.0 = Release|Win32
	EndGlobalSection
	GlobalSection(SolutionProperties) = preSolution
		HideSolutionNode = FALSE
	EndGlobalSection
	GlobalSection(ExtensibilityGlobals) = postSolution
		SolutionGuid = {094105C9-9725-4ECF-BCBA-C563B23EC0CB}
	EndGlobalSection
EndGlobal
